{
  "name": "tomandberry",
  "lockfileVersion": 2,
  "requires": true,
  "packages": {
    "": {
      "dependencies": {
        "bootstrap": "^5.0.0-beta2",
        "bootstrap-icons": "^1.4.0",
        "papaparse": "^5.3.0"
      },
      "devDependencies": {
        "prettier": "2.2.1"
      }
    },
    "node_modules/@popperjs/core": {
      "version": "2.8.6",
      "resolved": "https://registry.npmjs.org/@popperjs/core/-/core-2.8.6.tgz",
      "integrity": "sha512-1oXH2bAFXz9SttE1v/0Jp+2ZVePsPEAPGIuPKrmljWZcS3FPBEn2Q4WcANozZC0YiCjTWOF55k0g6rbSZS39ew==",
      "peer": true,
      "funding": {
        "type": "opencollective",
        "url": "https://opencollective.com/popperjs"
      }
    },
    "node_modules/bootstrap": {
      "version": "5.0.0-beta2",
      "resolved": "https://registry.npmjs.org/bootstrap/-/bootstrap-5.0.0-beta2.tgz",
      "integrity": "sha512-e+uPbPHqTQWKyCX435uVlOmgH9tUt0xtjvyOC7knhKgOS643BrQKuTo+KecGpPV7qlmOyZgCfaM4xxPWtDEN/g==",
      "funding": {
        "type": "opencollective",
        "url": "https://opencollective.com/bootstrap"
      },
      "peerDependencies": {
        "@popperjs/core": "^2.6.0"
      }
    },
    "node_modules/bootstrap-icons": {
      "version": "1.4.0",
      "resolved": "https://registry.npmjs.org/bootstrap-icons/-/bootstrap-icons-1.4.0.tgz",
      "integrity": "sha512-EynaOv/G/X/sQgPUqkdLJoxPrWk73wwsVjVR3cDNYO0jMS58poq7DOC2CraBWlBt1AberEmt0blfw4ony2/ZIg==",
      "engines": {
        "node": ">=10"
      }
    },
    "node_modules/papaparse": {
      "version": "5.3.0",
      "resolved": "https://registry.npmjs.org/papaparse/-/papaparse-5.3.0.tgz",
      "integrity": "sha512-Lb7jN/4bTpiuGPrYy4tkKoUS8sTki8zacB5ke1p5zolhcSE4TlWgrlsxjrDTbG/dFVh07ck7X36hUf/b5V68pg=="
    },
    "node_modules/prettier": {
      "version": "2.2.1",
      "resolved": "https://registry.npmjs.org/prettier/-/prettier-2.2.1.tgz",
      "integrity": "sha512-PqyhM2yCjg/oKkFPtTGUojv7gnZAoG80ttl45O6x2Ug/rMJw4wcc9k6aaf2hibP7BGVCCM33gZoGjyvt9mm16Q==",
      "dev": true,
      "bin": {
        "prettier": "bin-prettier.js"
      },
      "engines": {
        "node": ">=10.13.0"
      }
    }
  },
  "dependencies": {
    "@popperjs/core": {
      "version": "2.8.6",
      "resolved": "https://registry.npmjs.org/@popperjs/core/-/core-2.8.6.tgz",
      "integrity": "sha512-1oXH2bAFXz9SttE1v/0Jp+2ZVePsPEAPGIuPKrmljWZcS3FPBEn2Q4WcANozZC0YiCjTWOF55k0g6rbSZS39ew==",
      "peer": true
    },
    "bootstrap": {
      "version": "5.0.0-beta2",
      "resolved": "https://registry.npmjs.org/bootstrap/-/bootstrap-5.0.0-beta2.tgz",
      "integrity": "sha512-e+uPbPHqTQWKyCX435uVlOmgH9tUt0xtjvyOC7knhKgOS643BrQKuTo+KecGpPV7qlmOyZgCfaM4xxPWtDEN/g==",
      "requires": {}
    },
    "bootstrap-icons": {
      "version": "1.4.0",
      "resolved": "https://registry.npmjs.org/bootstrap-icons/-/bootstrap-icons-1.4.0.tgz",
      "integrity": "sha512-EynaOv/G/X/sQgPUqkdLJoxPrWk73wwsVjVR3cDNYO0jMS58poq7DOC2CraBWlBt1AberEmt0blfw4ony2/ZIg=="
    },
    "papaparse": {
      "version": "5.3.0",
      "resolved": "https://registry.npmjs.org/papaparse/-/papaparse-5.3.0.tgz",
      "integrity": "sha512-Lb7jN/4bTpiuGPrYy4tkKoUS8sTki8zacB5ke1p5zolhcSE4TlWgrlsxjrDTbG/dFVh07ck7X36hUf/b5V68pg=="
    },
    "prettier": {
      "version": "2.2.1",
      "resolved": "https://registry.npmjs.org/prettier/-/prettier-2.2.1.tgz",
      "integrity": "sha512-PqyhM2yCjg/oKkFPtTGUojv7gnZAoG80ttl45O6x2Ug/rMJw4wcc9k6aaf2hibP7BGVCCM33gZoGjyvt9mm16Q==",
      "dev": true
    }
  }
}
